
Microsoft Visual Studio Solution File, Format Version 12.00
# Visual Studio Version 16
VisualStudioVersion = 16.0.28803.202
MinimumVisualStudioVersion = 10.0.40219.1
Project("{9A19103F-16F7-4668-BE54-9A1E7A4F7556}") = "IdentifiersConcept", "IdentifiersConcept\IdentifiersConcept.csproj", "{79689E67-1847-4E65-A6FC-7A74053AE9E5}"
EndProject
Project("{FAE04EC0-301F-11D3-BF4B-00C04F79EFBC}") = "IdentifierTests", "IdentifierTests\IdentifierTests.csproj", "{81295FF0-9285-49E1-916C-81020419DBF1}"
EndProject
Global
	GlobalSection(SolutionConfigurationPlatforms) = preSolution
		Debug|Any CPU = Debug|Any CPU
		Release|Any CPU = Release|Any CPU
	EndGlobalSection
	GlobalSection(ProjectConfigurationPlatforms) = postSolution
		{79689E67-1847-4E65-A6FC-7A74053AE9E5}.Debug|Any CPU.ActiveCfg = Debug|Any CPU
		{79689E67-1847-4E65-A6FC-7A74053AE9E5}.Debug|Any CPU.Build.0 = Debug|Any CPU
		{79689E67-1847-4E65-A6FC-7A74053AE9E5}.Release|Any CPU.ActiveCfg = Release|Any CPU
		{79689E67-1847-4E65-A6FC-7A74053AE9E5}.Release|Any CPU.Build.0 = Release|Any CPU
		{81295FF0-9285-49E1-916C-81020419DBF1}.Debug|Any CPU.ActiveCfg = Debug|Any CPU
		{81295FF0-9285-49E1-916C-81020419DBF1}.Debug|Any CPU.Build.0 = Debug|Any CPU
		{81295FF0-9285-49E1-916C-81020419DBF1}.Release|Any CPU.ActiveCfg = Release|Any CPU
		{81295FF0-9285-49E1-916C-81020419DBF1}.Release|Any CPU.Build.0 = Release|Any CPU
	EndGlobalSection
	GlobalSection(SolutionProperties) = preSolution
		HideSolutionNode = FALSE
	EndGlobalSection
	GlobalSection(ExtensibilityGlobals) = postSolution
		SolutionGuid = {D96C99D5-9815-44E9-B616-484519942F5B}
	EndGlobalSection
EndGlobal
